github.com/fuzzmatch/set v0.0.0-20231028073412-21cefd642fe1 h1:hynvIl3Nk1NSlmG4W3+KC7jqn3jG5QgkfR1ZJtbpSlA=
github.com/fuzzmatch/set v0.0.0-20231028073412-21cefd642fe1/go.mod h1:UnNrBr/C2gjaxQtHBLXR2JgdDT7TdaydiXrGACnFKJA=
github.com/fuzzmatch/set v0.0.0-20231104022333-2b97317a423c h1:7VyUaVxZYipzWNbPcN26d5zWN8T1BZrRZnMG2LU1o+M=
github.com/fuzzmatch/set v0.0.0-20231104022333-2b97317a423c/go.mod h1:UnNrBr/C2gjaxQtHBLXR2JgdDT7TdaydiXrGACnFKJA=
github.com/fuzzmatch/set v1.0.0 h1:8FEpYUhOCvEACTfXl8Oi1/Wk/+CxzXeys6dbuaXgLOQ=
github.com/fuzzmatch/set v1.0.0/go.mod h1:UnNrBr/C2gjaxQtHBLXR2JgdDT7TdaydiXrGACnFKJA=
github.com/hbollon/go-edlib v1.6.0 h1:ga7AwwVIvP8mHm9GsPueC0d71cfRU/52hmPJ7Tprv4E=
github.com/hbollon/go-edlib v1.6.0/go.mod h1:wnt6o6EIVEzUfgbUZY7BerzQ2uvzp354qmS2xaLkrhM=
